
Microsoft Visual Studio Solution File, Format Version 12.00
# Visual Studio Version 17
VisualStudioVersion = 17.11.35312.102
MinimumVisualStudioVersion = 10.0.40219.1
Project("{2150E333-8FDC-42A3-9474-1A3956D46DE8}") = "src", "src", "{80605DA6-1A14-4BCE-A537-8FB5EA08C1D6}"
EndProject
Project("{2150E333-8FDC-42A3-9474-1A3956D46DE8}") = "test", "test", "{01FA06CF-9A1C-4896-B4EB-E6CF407F3256}"
EndProject
Project("{2150E333-8FDC-42A3-9474-1A3956D46DE8}") = "APIs", "APIs", "{919E81CE-006A-4A9F-8799-9EF3717B1E11}"
EndProject
Project("{2150E333-8FDC-42A3-9474-1A3956D46DE8}") = "Core", "Core", "{A43840ED-5A71-4155-821B-05F07DAC32D0}"
EndProject
Project("{2150E333-8FDC-42A3-9474-1A3956D46DE8}") = "Infrastructure", "Infrastructure", "{DA52DCB6-407A-44CD-9E24-48AE934452F9}"
EndProject
Project("{2150E333-8FDC-42A3-9474-1A3956D46DE8}") = "UI", "UI", "{78CEED8E-B1D4-4D85-B704-198B7B6DCAE1}"
EndProject
Project("{2150E333-8FDC-42A3-9474-1A3956D46DE8}") = "Client", "Client", "{0224BB7E-F535-4E8A-9C9D-BDB56B40A2F6}"
EndProject
Project("{2150E333-8FDC-42A3-9474-1A3956D46DE8}") = "Dashboard", "Dashboard", "{C69D905D-3F6E-4B72-A9DB-93996223D16C}"
EndProject
Project("{9A19103F-16F7-4668-BE54-9A1E7A4F7556}") = "LinkDev.Talabat.APIs", "LinkDev.Talabat.APIs\LinkDev.Talabat.APIs.csproj", "{BD9E3C2A-2345-415C-80CB-F4D404743799}"
EndProject
Project("{FAE04EC0-301F-11D3-BF4B-00C04F79EFBC}") = "LinkDev.Talabat.Core.Domain", "LinkDev.Talabat.Core.Domain\LinkDev.Talabat.Core.Domain.csproj", "{9127E2B0-6339-4AE5-B06B-7FBC0BF91AA4}"
EndProject
Project("{FAE04EC0-301F-11D3-BF4B-00C04F79EFBC}") = "LinkDev.Talabat.Core.Application", "LinkDev.Talabat.Core.Application\LinkDev.Talabat.Core.Application.csproj", "{6C84273D-75E1-4DF0-BD5F-417E004A99F0}"
EndProject
Project("{FAE04EC0-301F-11D3-BF4B-00C04F79EFBC}") = "LinkDev.Talabat.Core.Application.Abstraction", "LinkDev.Talabat.Core.Application.Abstraction\LinkDev.Talabat.Core.Application.Abstraction.csproj", "{1A5015FD-85E8-422E-80E6-A604C6FF50F0}"
EndProject
Project("{FAE04EC0-301F-11D3-BF4B-00C04F79EFBC}") = "LinkDev.Talabat.Infrastructure", "LinkDev.Talabat.Infrastructure\LinkDev.Talabat.Infrastructure.csproj", "{394F5EF3-CD8A-413C-B257-AB82BF9596FC}"
EndProject
Project("{FAE04EC0-301F-11D3-BF4B-00C04F79EFBC}") = "LinkDev.Talabat.Infrastructure.Persistence", "LinkDev.Talabat.Infrastructure.Persistence\LinkDev.Talabat.Infrastructure.Persistence.csproj", "{F9864621-DD48-4DD2-8E57-7199922F1B1A}"
EndProject
Project("{FAE04EC0-301F-11D3-BF4B-00C04F79EFBC}") = "LinkDev.Talabat.Dashboard", "LinkDev.Talabat.Dashboard\LinkDev.Talabat.Dashboard.csproj", "{6507E24B-8A1C-4712-9026-3B192E6D0329}"
EndProject
Global
	GlobalSection(SolutionConfigurationPlatforms) = preSolution
		Debug|Any CPU = Debug|Any CPU
		Release|Any CPU = Release|Any CPU
	EndGlobalSection
	GlobalSection(ProjectConfigurationPlatforms) = postSolution
		{BD9E3C2A-2345-415C-80CB-F4D404743799}.Debug|Any CPU.ActiveCfg = Debug|Any CPU
		{BD9E3C2A-2345-415C-80CB-F4D404743799}.Debug|Any CPU.Build.0 = Debug|Any CPU
		{BD9E3C2A-2345-415C-80CB-F4D404743799}.Release|Any CPU.ActiveCfg = Release|Any CPU
		{BD9E3C2A-2345-415C-80CB-F4D404743799}.Release|Any CPU.Build.0 = Release|Any CPU
		{9127E2B0-6339-4AE5-B06B-7FBC0BF91AA4}.Debug|Any CPU.ActiveCfg = Debug|Any CPU
		{9127E2B0-6339-4AE5-B06B-7FBC0BF91AA4}.Debug|Any CPU.Build.0 = Debug|Any CPU
		{9127E2B0-6339-4AE5-B06B-7FBC0BF91AA4}.Release|Any CPU.ActiveCfg = Release|Any CPU
		{9127E2B0-6339-4AE5-B06B-7FBC0BF91AA4}.Release|Any CPU.Build.0 = Release|Any CPU
		{6C84273D-75E1-4DF0-BD5F-417E004A99F0}.Debug|Any CPU.ActiveCfg = Debug|Any CPU
		{6C84273D-75E1-4DF0-BD5F-417E004A99F0}.Debug|Any CPU.Build.0 = Debug|Any CPU
		{6C84273D-75E1-4DF0-BD5F-417E004A99F0}.Release|Any CPU.ActiveCfg = Release|Any CPU
		{6C84273D-75E1-4DF0-BD5F-417E004A99F0}.Release|Any CPU.Build.0 = Release|Any CPU
		{1A5015FD-85E8-422E-80E6-A604C6FF50F0}.Debug|Any CPU.ActiveCfg = Debug|Any CPU
		{1A5015FD-85E8-422E-80E6-A604C6FF50F0}.Debug|Any CPU.Build.0 = Debug|Any CPU
		{1A5015FD-85E8-422E-80E6-A604C6FF50F0}.Release|Any CPU.ActiveCfg = Release|Any CPU
		{1A5015FD-85E8-422E-80E6-A604C6FF50F0}.Release|Any CPU.Build.0 = Release|Any CPU
		{394F5EF3-CD8A-413C-B257-AB82BF9596FC}.Debug|Any CPU.ActiveCfg = Debug|Any CPU
		{394F5EF3-CD8A-413C-B257-AB82BF9596FC}.Debug|Any CPU.Build.0 = Debug|Any CPU
		{394F5EF3-CD8A-413C-B257-AB82BF9596FC}.Release|Any CPU.ActiveCfg = Release|Any CPU
		{394F5EF3-CD8A-413C-B257-AB82BF9596FC}.Release|Any CPU.Build.0 = Release|Any CPU
		{F9864621-DD48-4DD2-8E57-7199922F1B1A}.Debug|Any CPU.ActiveCfg = Debug|Any CPU
		{F9864621-DD48-4DD2-8E57-7199922F1B1A}.Debug|Any CPU.Build.0 = Debug|Any CPU
		{F9864621-DD48-4DD2-8E57-7199922F1B1A}.Release|Any CPU.ActiveCfg = Release|Any CPU
		{F9864621-DD48-4DD2-8E57-7199922F1B1A}.Release|Any CPU.Build.0 = Release|Any CPU
		{6507E24B-8A1C-4712-9026-3B192E6D0329}.Debug|Any CPU.ActiveCfg = Debug|Any CPU
		{6507E24B-8A1C-4712-9026-3B192E6D0329}.Debug|Any CPU.Build.0 = Debug|Any CPU
		{6507E24B-8A1C-4712-9026-3B192E6D0329}.Release|Any CPU.ActiveCfg = Release|Any CPU
		{6507E24B-8A1C-4712-9026-3B192E6D0329}.Release|Any CPU.Build.0 = Release|Any CPU
	EndGlobalSection
	GlobalSection(SolutionProperties) = preSolution
		HideSolutionNode = FALSE
	EndGlobalSection
	GlobalSection(NestedProjects) = preSolution
		{919E81CE-006A-4A9F-8799-9EF3717B1E11} = {80605DA6-1A14-4BCE-A537-8FB5EA08C1D6}
		{A43840ED-5A71-4155-821B-05F07DAC32D0} = {80605DA6-1A14-4BCE-A537-8FB5EA08C1D6}
		{DA52DCB6-407A-44CD-9E24-48AE934452F9} = {80605DA6-1A14-4BCE-A537-8FB5EA08C1D6}
		{78CEED8E-B1D4-4D85-B704-198B7B6DCAE1} = {80605DA6-1A14-4BCE-A537-8FB5EA08C1D6}
		{0224BB7E-F535-4E8A-9C9D-BDB56B40A2F6} = {78CEED8E-B1D4-4D85-B704-198B7B6DCAE1}
		{C69D905D-3F6E-4B72-A9DB-93996223D16C} = {78CEED8E-B1D4-4D85-B704-198B7B6DCAE1}
		{BD9E3C2A-2345-415C-80CB-F4D404743799} = {919E81CE-006A-4A9F-8799-9EF3717B1E11}
		{9127E2B0-6339-4AE5-B06B-7FBC0BF91AA4} = {A43840ED-5A71-4155-821B-05F07DAC32D0}
		{6C84273D-75E1-4DF0-BD5F-417E004A99F0} = {A43840ED-5A71-4155-821B-05F07DAC32D0}
		{1A5015FD-85E8-422E-80E6-A604C6FF50F0} = {A43840ED-5A71-4155-821B-05F07DAC32D0}
		{394F5EF3-CD8A-413C-B257-AB82BF9596FC} = {DA52DCB6-407A-44CD-9E24-48AE934452F9}
		{F9864621-DD48-4DD2-8E57-7199922F1B1A} = {DA52DCB6-407A-44CD-9E24-48AE934452F9}
		{6507E24B-8A1C-4712-9026-3B192E6D0329} = {C69D905D-3F6E-4B72-A9DB-93996223D16C}
	EndGlobalSection
	GlobalSection(ExtensibilityGlobals) = postSolution
		SolutionGuid = {C2D8D567-AB21-45B4-8997-C11F2B7A5543}
	EndGlobalSection
EndGlobal
